{
    "_meta": {
        "hash": {
            "sha256": "b41856d9aaf083748e79d101aa372642eead7dafd4538318d86c24069da1781c"
        },
        "requires": {},
        "sources": [
            {
                "url": "https://pypi.python.org/simple",
                "verify_ssl": true
            }
        ]
    },
    "default": {
        "PyJWT": {
            "hash": "sha256:ad60a3fb9b393667864ed4b8abc9c3b570747f80bf77a113ead2fbaf0f0cedf3",
            "version": "==1.5.0"
        },
        "aioes": {
            "hash": "sha256:d9e56609db4188d666fa7b0956be97873699528c445aeb2c252464b8775c8eab",
            "version": "==0.7.2"
        },
        "aiohttp": {
            "hash": "sha256:3568111ef0bc927693b6f218d86e6b47c4068b293f1b48e0ffe766a2f6bbe116",
            "version": "==2.0.7"
        },
        "appdirs": {
            "hash": "sha256:d8b24664561d0d34ddfaec54636d502d7cea6e29c3eaf68f3df6180863e2166e",
            "version": "==1.4.3"
        },
        "asn1crypto": {
            "hash": "sha256:d232509fefcfcdb9a331f37e9c9dc20441019ad927c7d2176cf18ed5da0ba097",
            "version": "==0.22.0"
        },
        "async_timeout": {
            "hash": "sha256:2507257417470f41e40ae9265d0abdbff6d936b6e0d5831132d35714c9cd433d",
            "version": "==1.2.0"
        },
        "cffi": {
            "hash": "sha256:4fc9c2ff7924b3a1fa326e1799e5dd58cac585d7fb25fe53ccaa1333b0453d65",
            "version": "==1.10.0"
        },
        "chardet": {
            "hash": "sha256:6ebf56457934fdce01fb5ada5582762a84eed94cad43ed877964aebbdd8174c0",
            "version": "==3.0.2"
        },
        "click": {
            "hash": "sha256:29f99fc6125fbc931b758dc053b3114e55c77a6e4c6c3a2674a2dc986016381d",
            "version": "==6.7"
        },
        "cryptography": {
            "hash": "sha256:323524312bb467565ebca7e50c8ae5e9674e544951d28a2904a50012a8828190",
            "version": "==1.8.1"
        },
        "idna": {
            "hash": "sha256:cc19709fd6d0cbfed39ea875d29ba6d4e22c0cebc510a76d6302a28385e8bb70",
            "version": "==2.5"
        },
        "isodate": {
            "hash": "sha256:42105c41d037246dc1987e36d96f3752ffd5c0c24834dd12e4fdbe1e79544e31",
            "version": "==0.5.4"
        },
        "multidict": {
            "hash": "sha256:62bc16176162cd44d5f912dce1369d0b066885ac3861932758909ced215e2bff",
            "version": "==2.1.4"
        },
        "packaging": {
            "hash": "sha256:99276dc6e3a7851f32027a68f1095cd3f77c148091b092ea867a351811cfe388",
            "version": "==16.8"
        },
        "pycparser": {
            "hash": "sha256:0aac31e917c24cb3357f5a4d5566f2cc91a19ca41862f6c3c22dc60a629673b6",
            "version": "==2.17"
        },
        "pyparsing": {
            "hash": "sha256:fee43f17a9c4087e7ed1605bd6df994c6173c1e977d7ade7b651292fab2bd010",
            "version": "==2.2.0"
        },
        "rdflib": {
            "hash": "sha256:58d5994610105a457cff7fdfe3d683d87786c5028a45ae032982498a7e913d6f",
            "version": "==4.2.2"
        },
        "rdflib-jsonld": {
            "hash": "sha256:144774786a2fc7de09b24a9309cbcccc78bc48b152536d2ea1c1df2ad715bc2d",
            "version": "==0.4.0"
        },
        "setuptools": {
            "hash": "sha256:19d753940f8cdbee7548da318f8b56159aead279ef811a6efc8b8a33d89c86a4",
            "version": "==35.0.2"
        },
        "six": {
            "hash": "sha256:0ff78c403d9bccf5a425a6d31a12aa6b47f1c21ca4dc2573a7e2f32a97335eb1",
            "version": "==1.10.0"
        },
        "stompest": {
            "hash": "sha256:83a4d9d9627028953e7bec71a958a60488243f7ea6f41c2a428ad95f533cedce",
            "version": "==2.3.0"
        },
        "yarl": {
            "hash": "sha256:69903a93487abf971590da771f5b43882ead68e3201bb3a0fb42b7dd74d362ed",
            "version": "==0.10.0"
        }
    },
    "develop": {
        "appdirs": {
            "hash": "sha256:d8b24664561d0d34ddfaec54636d502d7cea6e29c3eaf68f3df6180863e2166e",
            "version": "==1.4.3"
        },
        "bumpversion": {
            "hash": "sha256:6753d9ff3552013e2130f7bc03c1007e24473b4835952679653fb132367bdd57",
            "version": "==0.5.3"
        },
        "coverage": {
            "hash": "sha256:b25aa3531220faaf1727fc29bc000798476b4a30f429dc07898d5da48caefa15",
            "version": "==4.3.4"
        },
        "coveralls": {
            "hash": "sha256:ff403f4ddf6937327ef267735ac987a0f8fdd083d0f26f0002549ef68451e886",
            "version": "==1.1"
        },
        "docopt": {
            "hash": "sha256:49b3a825280bd66b3aa83585ef59c4a8c82f2c8a522dbe754a8bc8d08c85c491",
            "version": "==0.6.2"
        },
        "packaging": {
            "hash": "sha256:99276dc6e3a7851f32027a68f1095cd3f77c148091b092ea867a351811cfe388",
            "version": "==16.8"
        },
        "py": {
            "hash": "sha256:81b5e37db3cc1052de438375605fb5d3b3e97f950f415f9143f04697c684d7eb",
            "version": "==1.4.33"
        },
        "pyparsing": {
            "hash": "sha256:fee43f17a9c4087e7ed1605bd6df994c6173c1e977d7ade7b651292fab2bd010",
            "version": "==2.2.0"
        },
        "pytest": {
            "hash": "sha256:66f332ae62593b874a648b10a8cb106bfdacd2c6288ed7dec3713c3a808a6017",
            "version": "==3.0.7"
        },
        "pytest-asyncio": {
            "hash": "sha256:a15651260fdc46c6bb3f5e40c92424d49585240278b4e653c5ed9b18b5d85608",
            "version": "==0.5.0"
        },
        "pytest-cov": {
            "hash": "sha256:10e37e876f49ddec80d6c83a54b657157f1387ebc0f7755285f8c156130014a1",
            "version": "==2.4.0"
        },
        "requests": {
            "hash": "sha256:1a720e8862a41aa22e339373b526f508ef0c8988baf48b84d3fc891a8e237efb",
            "version": "==2.13.0"
        },
        "setuptools": {
            "hash": "sha256:19d753940f8cdbee7548da318f8b56159aead279ef811a6efc8b8a33d89c86a4",
            "version": "==35.0.2"
        },
        "six": {
            "hash": "sha256:0ff78c403d9bccf5a425a6d31a12aa6b47f1c21ca4dc2573a7e2f32a97335eb1",
            "version": "==1.10.0"
        }
    }
}